
Microsoft Visual Studio Solution File, Format Version 12.00
# Visual Studio Version 17
VisualStudioVersion = 17.8.34330.188
MinimumVisualStudioVersion = 10.0.40219.1
Project("{2150E333-8FDC-42A3-9474-1A3956D46DE8}") = "00 - Shared", "00 - Shared", "{F1FE10F5-B427-4348-A2C6-A3BB172DE031}"
EndProject
Project("{9A19103F-16F7-4668-BE54-9A1E7A4F7556}") = "VendorSmart.Shared.Core.Domain", "src\Shared\Core\VendorSmart.Shared.Core.Domain\VendorSmart.Shared.Core.Domain.csproj", "{43AC360C-4618-4CED-9313-9AC7B4273CEA}"
EndProject
Project("{9A19103F-16F7-4668-BE54-9A1E7A4F7556}") = "VendorSmart.Shared.Core.Application", "src\Shared\Core\VendorSmart.Shared.Core.Application\VendorSmart.Shared.Core.Application.csproj", "{92CD7347-17E4-4EBC-94F9-CC4D11A17A92}"
EndProject
Project("{9A19103F-16F7-4668-BE54-9A1E7A4F7556}") = "VendorSmart.Shared.Core.Util", "src\Shared\Core\VendorSmart.Shared.Core.Util\VendorSmart.Shared.Core.Util.csproj", "{95D53B18-F4D3-40FD-8C30-69D5EAB47BAA}"
EndProject
Project("{9A19103F-16F7-4668-BE54-9A1E7A4F7556}") = "VendorSmart.Shared.Core.DI", "src\Shared\Core\VendorSmart.Shared.Core.DI\VendorSmart.Shared.Core.DI.csproj", "{33AFCBB9-0434-4932-B282-44B83A8637B9}"
EndProject
Project("{2150E333-8FDC-42A3-9474-1A3956D46DE8}") = "Vendor", "Vendor", "{6B5ACE21-930C-4A84-99F5-D6F41482233C}"
EndProject
Project("{2150E333-8FDC-42A3-9474-1A3956D46DE8}") = "Core", "Core", "{F92F7CE4-EFDA-4E7C-9A89-7BB489169356}"
EndProject
Project("{2150E333-8FDC-42A3-9474-1A3956D46DE8}") = "02 - Infrastructure", "02 - Infrastructure", "{AD200193-DBB6-4AD4-AE46-316FBA7FB526}"
EndProject
Project("{2150E333-8FDC-42A3-9474-1A3956D46DE8}") = "03 - Application", "03 - Application", "{1FDB0EEE-F885-4508-A188-34679F0AD5DB}"
EndProject
Project("{2150E333-8FDC-42A3-9474-1A3956D46DE8}") = "04 - Domain", "04 - Domain", "{88593A4C-F171-4128-8B2C-8C31B1F5977C}"
EndProject
Project("{2150E333-8FDC-42A3-9474-1A3956D46DE8}") = "05 - Crosscutting", "05 - Crosscutting", "{2A169491-0054-4FAA-8614-BC249A44AAF1}"
EndProject
Project("{9A19103F-16F7-4668-BE54-9A1E7A4F7556}") = "VendorSmart.Vendor.Domain", "src\Vendor\src\VendorSmart.Vendor.Domain\VendorSmart.Vendor.Domain.csproj", "{E0ACDCE1-7043-4F2A-A539-EEC568F980FC}"
EndProject
Project("{9A19103F-16F7-4668-BE54-9A1E7A4F7556}") = "VendorSmart.Vendor.Application", "src\Vendor\src\VendorSmart.Vendor.Application\VendorSmart.Vendor.Application.csproj", "{AF9881EA-6279-42A6-BB47-B5D5A2C6884A}"
EndProject
Project("{9A19103F-16F7-4668-BE54-9A1E7A4F7556}") = "VendorSmart.Vendor.Infrastructure", "src\Vendor\src\VendorSmart.Vendor.Infrastructure\VendorSmart.Vendor.Infrastructure.csproj", "{17AD6998-0873-4E7D-AFCE-065C0755E0D2}"
EndProject
Project("{9A19103F-16F7-4668-BE54-9A1E7A4F7556}") = "VendorSmart.Vendor.DI", "src\Vendor\src\VendorSmart.Vendor.DI\VendorSmart.Vendor.DI.csproj", "{C7AF3435-2601-4BE9-80F6-0D15208D0E3A}"
EndProject
Project("{2150E333-8FDC-42A3-9474-1A3956D46DE8}") = "01 - Presentation", "01 - Presentation", "{99DF28A6-5CE4-4345-9CD3-057994590ACB}"
EndProject
Project("{2150E333-8FDC-42A3-9474-1A3956D46DE8}") = "Job", "Job", "{3FE0B7C4-DB68-4E95-9E6A-010264219AD8}"
EndProject
Project("{2150E333-8FDC-42A3-9474-1A3956D46DE8}") = "04 - Domain", "04 - Domain", "{B526F8FD-B981-4386-B0DE-928D243C5F77}"
EndProject
Project("{2150E333-8FDC-42A3-9474-1A3956D46DE8}") = "SharedKernel", "SharedKernel", "{E49AC9ED-E5F9-448C-B813-22E72BC21748}"
EndProject
Project("{2150E333-8FDC-42A3-9474-1A3956D46DE8}") = "04 - Domain", "04 - Domain", "{32EDD7E1-10A3-403E-932E-A0ADF3A572D9}"
EndProject
Project("{2150E333-8FDC-42A3-9474-1A3956D46DE8}") = "02 - Infrastructure", "02 - Infrastructure", "{6F6AB0B8-54AE-4EBD-8A6C-501B44403A78}"
EndProject
Project("{2150E333-8FDC-42A3-9474-1A3956D46DE8}") = "05 - CrossCutting", "05 - CrossCutting", "{EF44C5E7-5197-41DC-BD15-D8016490A55F}"
EndProject
Project("{9A19103F-16F7-4668-BE54-9A1E7A4F7556}") = "VendorSmart.SharedKernel.Infrastructure", "src\Shared\Kernel\src\VendorSmart.SharedKernel.Infrastructure\VendorSmart.SharedKernel.Infrastructure.csproj", "{5B93AC60-6936-4089-AFAC-B5F832D24057}"
EndProject
Project("{9A19103F-16F7-4668-BE54-9A1E7A4F7556}") = "VendorSmart.SharedKernel.Domain", "src\Shared\Kernel\src\VendorSmart.SharedKernel.Domain\VendorSmart.SharedKernel.Domain.csproj", "{FA48EEA6-24B7-4B10-AE1E-B097A643B869}"
EndProject
Project("{9A19103F-16F7-4668-BE54-9A1E7A4F7556}") = "VendorSmart.SharedKernel.DI", "src\Shared\Kernel\src\VendorSmart.SharedKernel.DI\VendorSmart.SharedKernel.DI.csproj", "{7CF2287A-6D17-49B0-A0ED-DB2EEC484781}"
EndProject
Project("{2150E333-8FDC-42A3-9474-1A3956D46DE8}") = "03 - Application", "03 - Application", "{E3A05BBA-1FC0-4E2D-A0AA-1AA819955C53}"
EndProject
Project("{2150E333-8FDC-42A3-9474-1A3956D46DE8}") = "02 - Infrastructure", "02 - Infrastructure", "{3AF47113-F470-4E51-BCD0-03FE7F4C8724}"
EndProject
Project("{2150E333-8FDC-42A3-9474-1A3956D46DE8}") = "05 - Crosscutting", "05 - Crosscutting", "{9CB98C9C-36FD-45F2-B095-C54A08D19078}"
EndProject
Project("{9A19103F-16F7-4668-BE54-9A1E7A4F7556}") = "VendorSmart.Job.Infrastructure", "src\Job\src\VendorSmart.Job.Infrastructure\VendorSmart.Job.Infrastructure.csproj", "{8FFBA576-E7C6-4D10-8A6E-5483DB89845B}"
EndProject
Project("{9A19103F-16F7-4668-BE54-9A1E7A4F7556}") = "VendorSmart.Job.Domain", "src\Job\src\VendorSmart.Job.Domain\VendorSmart.Job.Domain.csproj", "{27CE7648-2BF1-4F3A-9A57-F668B6A2CC5E}"
EndProject
Project("{9A19103F-16F7-4668-BE54-9A1E7A4F7556}") = "VendorSmart.Job.Application", "src\Job\src\VendorSmart.Job.Application\VendorSmart.Job.Application.csproj", "{D55EAE7C-0CD9-4571-A45B-55E7A04956C8}"
EndProject
Project("{9A19103F-16F7-4668-BE54-9A1E7A4F7556}") = "VendorSmart.Job.DI", "src\Job\src\VendorSmart.Job.DI\VendorSmart.Job.DI.csproj", "{2667DD5C-E8E7-4CF2-A1C6-09ABF3E1545B}"
EndProject
Project("{2150E333-8FDC-42A3-9474-1A3956D46DE8}") = "03 - Application", "03 - Application", "{46E9EDE6-A71B-4F3A-B9CC-B71445C3DE32}"
EndProject
Project("{9A19103F-16F7-4668-BE54-9A1E7A4F7556}") = "VendorSmart.Vendor.Domain.Tests", "src\Vendor\tests\VendorSmart.Vendor.Domain.Tests\VendorSmart.Vendor.Domain.Tests.csproj", "{4A1A0C4C-F157-4F16-8C2C-B980CE81D4F5}"
EndProject
Project("{9A19103F-16F7-4668-BE54-9A1E7A4F7556}") = "VendorSmart.Vendor.Application.Tests", "src\Vendor\tests\VendorSmart.Vendor.Application.Tests\VendorSmart.Vendor.Application.Tests.csproj", "{1A54D0ED-13AE-4668-A985-59234A5A3E72}"
EndProject
Project("{9A19103F-16F7-4668-BE54-9A1E7A4F7556}") = "VendorSmart.Vendor.Infrastructure.Tests", "src\Vendor\tests\VendorSmart.Vendor.Infrastructure.Tests\VendorSmart.Vendor.Infrastructure.Tests.csproj", "{CA494665-485C-4249-9559-F710AB6A4983}"
EndProject
Project("{9A19103F-16F7-4668-BE54-9A1E7A4F7556}") = "VendorSmart.Api", "src\Presentation\VendorSmart.Api\VendorSmart.Api.csproj", "{E5940D0C-DF8B-4842-B818-DFD2F414CF17}"
EndProject
Project("{9A19103F-16F7-4668-BE54-9A1E7A4F7556}") = "VendorSmart.SharedKernel.Boundaries", "src\Shared\Kernel\src\VendorSmart.SharedKernel.Boundaries\VendorSmart.SharedKernel.Boundaries.csproj", "{11468500-C82E-48EA-8388-28AFC18A3488}"
EndProject
Project("{9A19103F-16F7-4668-BE54-9A1E7A4F7556}") = "VendorSmart.Job.Application.BoundaryApi", "src\Job\src\VendorSmart.Job.Application.BoundaryApi\VendorSmart.Job.Application.BoundaryApi.csproj", "{C08D1668-BD80-4B98-9F34-BA1AB9DB3C69}"
EndProject
Project("{9A19103F-16F7-4668-BE54-9A1E7A4F7556}") = "VendorSmart.Job.Domain.Tests", "src\Job\tests\VendorSmart.Job.Domain.Tests\VendorSmart.Job.Domain.Tests.csproj", "{6A4F0FE2-D0DC-473C-A8CC-A2DAE218E38C}"
EndProject
Project("{FAE04EC0-301F-11D3-BF4B-00C04F79EFBC}") = "VendorSmart.Job.Application.Tests", "src\Job\tests\VendorSmart.Job.Application.Tests\VendorSmart.Job.Application.Tests.csproj", "{8829C8CF-92B9-4943-A725-925BB9A1C7E6}"
EndProject
Global
	GlobalSection(SolutionConfigurationPlatforms) = preSolution
		Debug|Any CPU = Debug|Any CPU
		Release|Any CPU = Release|Any CPU
	EndGlobalSection
	GlobalSection(ProjectConfigurationPlatforms) = postSolution
		{43AC360C-4618-4CED-9313-9AC7B4273CEA}.Debug|Any CPU.ActiveCfg = Debug|Any CPU
		{43AC360C-4618-4CED-9313-9AC7B4273CEA}.Debug|Any CPU.Build.0 = Debug|Any CPU
		{43AC360C-4618-4CED-9313-9AC7B4273CEA}.Release|Any CPU.ActiveCfg = Release|Any CPU
		{43AC360C-4618-4CED-9313-9AC7B4273CEA}.Release|Any CPU.Build.0 = Release|Any CPU
		{92CD7347-17E4-4EBC-94F9-CC4D11A17A92}.Debug|Any CPU.ActiveCfg = Debug|Any CPU
		{92CD7347-17E4-4EBC-94F9-CC4D11A17A92}.Debug|Any CPU.Build.0 = Debug|Any CPU
		{92CD7347-17E4-4EBC-94F9-CC4D11A17A92}.Release|Any CPU.ActiveCfg = Release|Any CPU
		{92CD7347-17E4-4EBC-94F9-CC4D11A17A92}.Release|Any CPU.Build.0 = Release|Any CPU
		{95D53B18-F4D3-40FD-8C30-69D5EAB47BAA}.Debug|Any CPU.ActiveCfg = Debug|Any CPU
		{95D53B18-F4D3-40FD-8C30-69D5EAB47BAA}.Debug|Any CPU.Build.0 = Debug|Any CPU
		{95D53B18-F4D3-40FD-8C30-69D5EAB47BAA}.Release|Any CPU.ActiveCfg = Release|Any CPU
		{95D53B18-F4D3-40FD-8C30-69D5EAB47BAA}.Release|Any CPU.Build.0 = Release|Any CPU
		{33AFCBB9-0434-4932-B282-44B83A8637B9}.Debug|Any CPU.ActiveCfg = Debug|Any CPU
		{33AFCBB9-0434-4932-B282-44B83A8637B9}.Debug|Any CPU.Build.0 = Debug|Any CPU
		{33AFCBB9-0434-4932-B282-44B83A8637B9}.Release|Any CPU.ActiveCfg = Release|Any CPU
		{33AFCBB9-0434-4932-B282-44B83A8637B9}.Release|Any CPU.Build.0 = Release|Any CPU
		{E0ACDCE1-7043-4F2A-A539-EEC568F980FC}.Debug|Any CPU.ActiveCfg = Debug|Any CPU
		{E0ACDCE1-7043-4F2A-A539-EEC568F980FC}.Debug|Any CPU.Build.0 = Debug|Any CPU
		{E0ACDCE1-7043-4F2A-A539-EEC568F980FC}.Release|Any CPU.ActiveCfg = Release|Any CPU
		{E0ACDCE1-7043-4F2A-A539-EEC568F980FC}.Release|Any CPU.Build.0 = Release|Any CPU
		{AF9881EA-6279-42A6-BB47-B5D5A2C6884A}.Debug|Any CPU.ActiveCfg = Debug|Any CPU
		{AF9881EA-6279-42A6-BB47-B5D5A2C6884A}.Debug|Any CPU.Build.0 = Debug|Any CPU
		{AF9881EA-6279-42A6-BB47-B5D5A2C6884A}.Release|Any CPU.ActiveCfg = Release|Any CPU
		{AF9881EA-6279-42A6-BB47-B5D5A2C6884A}.Release|Any CPU.Build.0 = Release|Any CPU
		{17AD6998-0873-4E7D-AFCE-065C0755E0D2}.Debug|Any CPU.ActiveCfg = Debug|Any CPU
		{17AD6998-0873-4E7D-AFCE-065C0755E0D2}.Debug|Any CPU.Build.0 = Debug|Any CPU
		{17AD6998-0873-4E7D-AFCE-065C0755E0D2}.Release|Any CPU.ActiveCfg = Release|Any CPU
		{17AD6998-0873-4E7D-AFCE-065C0755E0D2}.Release|Any CPU.Build.0 = Release|Any CPU
		{C7AF3435-2601-4BE9-80F6-0D15208D0E3A}.Debug|Any CPU.ActiveCfg = Debug|Any CPU
		{C7AF3435-2601-4BE9-80F6-0D15208D0E3A}.Debug|Any CPU.Build.0 = Debug|Any CPU
		{C7AF3435-2601-4BE9-80F6-0D15208D0E3A}.Release|Any CPU.ActiveCfg = Release|Any CPU
		{C7AF3435-2601-4BE9-80F6-0D15208D0E3A}.Release|Any CPU.Build.0 = Release|Any CPU
		{5B93AC60-6936-4089-AFAC-B5F832D24057}.Debug|Any CPU.ActiveCfg = Debug|Any CPU
		{5B93AC60-6936-4089-AFAC-B5F832D24057}.Debug|Any CPU.Build.0 = Debug|Any CPU
		{5B93AC60-6936-4089-AFAC-B5F832D24057}.Release|Any CPU.ActiveCfg = Release|Any CPU
		{5B93AC60-6936-4089-AFAC-B5F832D24057}.Release|Any CPU.Build.0 = Release|Any CPU
		{FA48EEA6-24B7-4B10-AE1E-B097A643B869}.Debug|Any CPU.ActiveCfg = Debug|Any CPU
		{FA48EEA6-24B7-4B10-AE1E-B097A643B869}.Debug|Any CPU.Build.0 = Debug|Any CPU
		{FA48EEA6-24B7-4B10-AE1E-B097A643B869}.Release|Any CPU.ActiveCfg = Release|Any CPU
		{FA48EEA6-24B7-4B10-AE1E-B097A643B869}.Release|Any CPU.Build.0 = Release|Any CPU
		{7CF2287A-6D17-49B0-A0ED-DB2EEC484781}.Debug|Any CPU.ActiveCfg = Debug|Any CPU
		{7CF2287A-6D17-49B0-A0ED-DB2EEC484781}.Debug|Any CPU.Build.0 = Debug|Any CPU
		{7CF2287A-6D17-49B0-A0ED-DB2EEC484781}.Release|Any CPU.ActiveCfg = Release|Any CPU
		{7CF2287A-6D17-49B0-A0ED-DB2EEC484781}.Release|Any CPU.Build.0 = Release|Any CPU
		{8FFBA576-E7C6-4D10-8A6E-5483DB89845B}.Debug|Any CPU.ActiveCfg = Debug|Any CPU
		{8FFBA576-E7C6-4D10-8A6E-5483DB89845B}.Debug|Any CPU.Build.0 = Debug|Any CPU
		{8FFBA576-E7C6-4D10-8A6E-5483DB89845B}.Release|Any CPU.ActiveCfg = Release|Any CPU
		{8FFBA576-E7C6-4D10-8A6E-5483DB89845B}.Release|Any CPU.Build.0 = Release|Any CPU
		{27CE7648-2BF1-4F3A-9A57-F668B6A2CC5E}.Debug|Any CPU.ActiveCfg = Debug|Any CPU
		{27CE7648-2BF1-4F3A-9A57-F668B6A2CC5E}.Debug|Any CPU.Build.0 = Debug|Any CPU
		{27CE7648-2BF1-4F3A-9A57-F668B6A2CC5E}.Release|Any CPU.ActiveCfg = Release|Any CPU
		{27CE7648-2BF1-4F3A-9A57-F668B6A2CC5E}.Release|Any CPU.Build.0 = Release|Any CPU
		{D55EAE7C-0CD9-4571-A45B-55E7A04956C8}.Debug|Any CPU.ActiveCfg = Debug|Any CPU
		{D55EAE7C-0CD9-4571-A45B-55E7A04956C8}.Debug|Any CPU.Build.0 = Debug|Any CPU
		{D55EAE7C-0CD9-4571-A45B-55E7A04956C8}.Release|Any CPU.ActiveCfg = Release|Any CPU
		{D55EAE7C-0CD9-4571-A45B-55E7A04956C8}.Release|Any CPU.Build.0 = Release|Any CPU
		{2667DD5C-E8E7-4CF2-A1C6-09ABF3E1545B}.Debug|Any CPU.ActiveCfg = Debug|Any CPU
		{2667DD5C-E8E7-4CF2-A1C6-09ABF3E1545B}.Debug|Any CPU.Build.0 = Debug|Any CPU
		{2667DD5C-E8E7-4CF2-A1C6-09ABF3E1545B}.Release|Any CPU.ActiveCfg = Release|Any CPU
		{2667DD5C-E8E7-4CF2-A1C6-09ABF3E1545B}.Release|Any CPU.Build.0 = Release|Any CPU
		{4A1A0C4C-F157-4F16-8C2C-B980CE81D4F5}.Debug|Any CPU.ActiveCfg = Debug|Any CPU
		{4A1A0C4C-F157-4F16-8C2C-B980CE81D4F5}.Debug|Any CPU.Build.0 = Debug|Any CPU
		{4A1A0C4C-F157-4F16-8C2C-B980CE81D4F5}.Release|Any CPU.ActiveCfg = Release|Any CPU
		{4A1A0C4C-F157-4F16-8C2C-B980CE81D4F5}.Release|Any CPU.Build.0 = Release|Any CPU
		{1A54D0ED-13AE-4668-A985-59234A5A3E72}.Debug|Any CPU.ActiveCfg = Debug|Any CPU
		{1A54D0ED-13AE-4668-A985-59234A5A3E72}.Debug|Any CPU.Build.0 = Debug|Any CPU
		{1A54D0ED-13AE-4668-A985-59234A5A3E72}.Release|Any CPU.ActiveCfg = Release|Any CPU
		{1A54D0ED-13AE-4668-A985-59234A5A3E72}.Release|Any CPU.Build.0 = Release|Any CPU
		{CA494665-485C-4249-9559-F710AB6A4983}.Debug|Any CPU.ActiveCfg = Debug|Any CPU
		{CA494665-485C-4249-9559-F710AB6A4983}.Debug|Any CPU.Build.0 = Debug|Any CPU
		{CA494665-485C-4249-9559-F710AB6A4983}.Release|Any CPU.ActiveCfg = Release|Any CPU
		{CA494665-485C-4249-9559-F710AB6A4983}.Release|Any CPU.Build.0 = Release|Any CPU
		{E5940D0C-DF8B-4842-B818-DFD2F414CF17}.Debug|Any CPU.ActiveCfg = Debug|Any CPU
		{E5940D0C-DF8B-4842-B818-DFD2F414CF17}.Debug|Any CPU.Build.0 = Debug|Any CPU
		{E5940D0C-DF8B-4842-B818-DFD2F414CF17}.Release|Any CPU.ActiveCfg = Release|Any CPU
		{E5940D0C-DF8B-4842-B818-DFD2F414CF17}.Release|Any CPU.Build.0 = Release|Any CPU
		{11468500-C82E-48EA-8388-28AFC18A3488}.Debug|Any CPU.ActiveCfg = Debug|Any CPU
		{11468500-C82E-48EA-8388-28AFC18A3488}.Debug|Any CPU.Build.0 = Debug|Any CPU
		{11468500-C82E-48EA-8388-28AFC18A3488}.Release|Any CPU.ActiveCfg = Release|Any CPU
		{11468500-C82E-48EA-8388-28AFC18A3488}.Release|Any CPU.Build.0 = Release|Any CPU
		{C08D1668-BD80-4B98-9F34-BA1AB9DB3C69}.Debug|Any CPU.ActiveCfg = Debug|Any CPU
		{C08D1668-BD80-4B98-9F34-BA1AB9DB3C69}.Debug|Any CPU.Build.0 = Debug|Any CPU
		{C08D1668-BD80-4B98-9F34-BA1AB9DB3C69}.Release|Any CPU.ActiveCfg = Release|Any CPU
		{C08D1668-BD80-4B98-9F34-BA1AB9DB3C69}.Release|Any CPU.Build.0 = Release|Any CPU
		{6A4F0FE2-D0DC-473C-A8CC-A2DAE218E38C}.Debug|Any CPU.ActiveCfg = Debug|Any CPU
		{6A4F0FE2-D0DC-473C-A8CC-A2DAE218E38C}.Debug|Any CPU.Build.0 = Debug|Any CPU
		{6A4F0FE2-D0DC-473C-A8CC-A2DAE218E38C}.Release|Any CPU.ActiveCfg = Release|Any CPU
		{6A4F0FE2-D0DC-473C-A8CC-A2DAE218E38C}.Release|Any CPU.Build.0 = Release|Any CPU
		{8829C8CF-92B9-4943-A725-925BB9A1C7E6}.Debug|Any CPU.ActiveCfg = Debug|Any CPU
		{8829C8CF-92B9-4943-A725-925BB9A1C7E6}.Debug|Any CPU.Build.0 = Debug|Any CPU
		{8829C8CF-92B9-4943-A725-925BB9A1C7E6}.Release|Any CPU.ActiveCfg = Release|Any CPU
		{8829C8CF-92B9-4943-A725-925BB9A1C7E6}.Release|Any CPU.Build.0 = Release|Any CPU
	EndGlobalSection
	GlobalSection(SolutionProperties) = preSolution
		HideSolutionNode = FALSE
	EndGlobalSection
	GlobalSection(NestedProjects) = preSolution
		{43AC360C-4618-4CED-9313-9AC7B4273CEA} = {F92F7CE4-EFDA-4E7C-9A89-7BB489169356}
		{92CD7347-17E4-4EBC-94F9-CC4D11A17A92} = {F92F7CE4-EFDA-4E7C-9A89-7BB489169356}
		{95D53B18-F4D3-40FD-8C30-69D5EAB47BAA} = {F92F7CE4-EFDA-4E7C-9A89-7BB489169356}
		{33AFCBB9-0434-4932-B282-44B83A8637B9} = {F92F7CE4-EFDA-4E7C-9A89-7BB489169356}
		{F92F7CE4-EFDA-4E7C-9A89-7BB489169356} = {F1FE10F5-B427-4348-A2C6-A3BB172DE031}
		{AD200193-DBB6-4AD4-AE46-316FBA7FB526} = {6B5ACE21-930C-4A84-99F5-D6F41482233C}
		{1FDB0EEE-F885-4508-A188-34679F0AD5DB} = {6B5ACE21-930C-4A84-99F5-D6F41482233C}
		{88593A4C-F171-4128-8B2C-8C31B1F5977C} = {6B5ACE21-930C-4A84-99F5-D6F41482233C}
		{2A169491-0054-4FAA-8614-BC249A44AAF1} = {6B5ACE21-930C-4A84-99F5-D6F41482233C}
		{E0ACDCE1-7043-4F2A-A539-EEC568F980FC} = {88593A4C-F171-4128-8B2C-8C31B1F5977C}
		{AF9881EA-6279-42A6-BB47-B5D5A2C6884A} = {1FDB0EEE-F885-4508-A188-34679F0AD5DB}
		{17AD6998-0873-4E7D-AFCE-065C0755E0D2} = {AD200193-DBB6-4AD4-AE46-316FBA7FB526}
		{C7AF3435-2601-4BE9-80F6-0D15208D0E3A} = {2A169491-0054-4FAA-8614-BC249A44AAF1}
		{B526F8FD-B981-4386-B0DE-928D243C5F77} = {3FE0B7C4-DB68-4E95-9E6A-010264219AD8}
		{E49AC9ED-E5F9-448C-B813-22E72BC21748} = {F1FE10F5-B427-4348-A2C6-A3BB172DE031}
		{32EDD7E1-10A3-403E-932E-A0ADF3A572D9} = {E49AC9ED-E5F9-448C-B813-22E72BC21748}
		{6F6AB0B8-54AE-4EBD-8A6C-501B44403A78} = {E49AC9ED-E5F9-448C-B813-22E72BC21748}
		{EF44C5E7-5197-41DC-BD15-D8016490A55F} = {E49AC9ED-E5F9-448C-B813-22E72BC21748}
		{5B93AC60-6936-4089-AFAC-B5F832D24057} = {6F6AB0B8-54AE-4EBD-8A6C-501B44403A78}
		{FA48EEA6-24B7-4B10-AE1E-B097A643B869} = {32EDD7E1-10A3-403E-932E-A0ADF3A572D9}
		{7CF2287A-6D17-49B0-A0ED-DB2EEC484781} = {EF44C5E7-5197-41DC-BD15-D8016490A55F}
		{E3A05BBA-1FC0-4E2D-A0AA-1AA819955C53} = {3FE0B7C4-DB68-4E95-9E6A-010264219AD8}
		{3AF47113-F470-4E51-BCD0-03FE7F4C8724} = {3FE0B7C4-DB68-4E95-9E6A-010264219AD8}
		{9CB98C9C-36FD-45F2-B095-C54A08D19078} = {3FE0B7C4-DB68-4E95-9E6A-010264219AD8}
		{8FFBA576-E7C6-4D10-8A6E-5483DB89845B} = {3AF47113-F470-4E51-BCD0-03FE7F4C8724}
		{27CE7648-2BF1-4F3A-9A57-F668B6A2CC5E} = {B526F8FD-B981-4386-B0DE-928D243C5F77}
		{D55EAE7C-0CD9-4571-A45B-55E7A04956C8} = {E3A05BBA-1FC0-4E2D-A0AA-1AA819955C53}
		{2667DD5C-E8E7-4CF2-A1C6-09ABF3E1545B} = {9CB98C9C-36FD-45F2-B095-C54A08D19078}
		{46E9EDE6-A71B-4F3A-B9CC-B71445C3DE32} = {E49AC9ED-E5F9-448C-B813-22E72BC21748}
		{4A1A0C4C-F157-4F16-8C2C-B980CE81D4F5} = {88593A4C-F171-4128-8B2C-8C31B1F5977C}
		{1A54D0ED-13AE-4668-A985-59234A5A3E72} = {1FDB0EEE-F885-4508-A188-34679F0AD5DB}
		{CA494665-485C-4249-9559-F710AB6A4983} = {AD200193-DBB6-4AD4-AE46-316FBA7FB526}
		{E5940D0C-DF8B-4842-B818-DFD2F414CF17} = {99DF28A6-5CE4-4345-9CD3-057994590ACB}
		{11468500-C82E-48EA-8388-28AFC18A3488} = {EF44C5E7-5197-41DC-BD15-D8016490A55F}
		{C08D1668-BD80-4B98-9F34-BA1AB9DB3C69} = {E3A05BBA-1FC0-4E2D-A0AA-1AA819955C53}
		{6A4F0FE2-D0DC-473C-A8CC-A2DAE218E38C} = {B526F8FD-B981-4386-B0DE-928D243C5F77}
		{8829C8CF-92B9-4943-A725-925BB9A1C7E6} = {E3A05BBA-1FC0-4E2D-A0AA-1AA819955C53}
	EndGlobalSection
	GlobalSection(ExtensibilityGlobals) = postSolution
		SolutionGuid = {203B598B-A1BC-4EB4-A795-8847F929CD35}
	EndGlobalSection
EndGlobal
